// !$*UTF8*$!
{
	archiveVersion = 1;
	classes = {
	};
	objectVersion = 46;
	objects = {

/* Begin PBXBuildFile section */
		848D632719F6EADD00AE1C6B /* main.m in Sources */ = {isa = PBXBuildFile; fileRef = 848D632619F6EADD00AE1C6B /* main.m */; };
		848D632A19F6EADD00AE1C6B /* AppDelegate.m in Sources */ = {isa = PBXBuildFile; fileRef = 848D632919F6EADD00AE1C6B /* AppDelegate.m */; };
		848D632D19F6EADD00AE1C6B /* ViewController.m in Sources */ = {isa = PBXBuildFile; fileRef = 848D632C19F6EADD00AE1C6B /* ViewController.m */; };
		848D633019F6EADD00AE1C6B /* Main.storyboard in Resources */ = {isa = PBXBuildFile; fileRef = 848D632E19F6EADD00AE1C6B /* Main.storyboard */; };
		848D633219F6EADD00AE1C6B /* Images.xcassets in Resources */ = {isa = PBXBuildFile; fileRef = 848D633119F6EADD00AE1C6B /* Images.xcassets */; };
		848D633519F6EADD00AE1C6B /* LaunchScreen.xib in Resources */ = {isa = PBXBuildFile; fileRef = 848D633319F6EADD00AE1C6B /* LaunchScreen.xib */; };
		848D634119F6EADD00AE1C6B /* EventsTests.m in Sources */ = {isa = PBXBuildFile; fileRef = 848D634019F6EADD00AE1C6B /* EventsTests.m */; };
		848D634C19F7F17E00AE1C6B /* Event.m in Sources */ = {isa = PBXBuildFile; fileRef = 848D634B19F7F17E00AE1C6B /* Event.m */; };
		848D634F19F7F7CF00AE1C6B /* EventManager.m in Sources */ = {isa = PBXBuildFile; fileRef = 848D634E19F7F7CF00AE1C6B /* EventManager.m */; };
		848D635419F8318D00AE1C6B /* CreateEventViewController.m in Sources */ = {isa = PBXBuildFile; fileRef = 848D635319F8318D00AE1C6B /* CreateEventViewController.m */; };
/* End PBXBuildFile section */

/* Begin PBXContainerItemProxy section */
		848D633B19F6EADD00AE1C6B /* PBXContainerItemProxy */ = {
			isa = PBXContainerItemProxy;
			containerPortal = 848D631919F6EADD00AE1C6B /* Project object */;
			proxyType = 1;
			remoteGlobalIDString = 848D632019F6EADD00AE1C6B;
			remoteInfo = Events;
		};
/* End PBXContainerItemProxy section */

/* Begin PBXFileReference section */
		848D632119F6EADD00AE1C6B /* Events.app */ = {isa = PBXFileReference; explicitFileType = wrapper.application; includeInIndex = 0; path = Events.app; sourceTree = BUILT_PRODUCTS_DIR; };
		848D632519F6EADD00AE1C6B /* Info.plist */ = {isa = PBXFileReference; lastKnownFileType = text.plist.xml; path = Info.plist; sourceTree = "<group>"; };
		848D632619F6EADD00AE1C6B /* main.m */ = {isa = PBXFileReference; lastKnownFileType = sourcecode.c.objc; path = main.m; sourceTree = "<group>"; };
		848D632819F6EADD00AE1C6B /* AppDelegate.h */ = {isa = PBXFileReference; lastKnownFileType = sourcecode.c.h; path = AppDelegate.h; sourceTree = "<group>"; };
		848D632919F6EADD00AE1C6B /* AppDelegate.m */ = {isa = PBXFileReference; lastKnownFileType = sourcecode.c.objc; path = AppDelegate.m; sourceTree = "<group>"; };
		848D632B19F6EADD00AE1C6B /* ViewController.h */ = {isa = PBXFileReference; lastKnownFileType = sourcecode.c.h; path = ViewController.h; sourceTree = "<group>"; };
		848D632C19F6EADD00AE1C6B /* ViewController.m */ = {isa = PBXFileReference; lastKnownFileType = sourcecode.c.objc; path = ViewController.m; sourceTree = "<group>"; };
		848D632F19F6EADD00AE1C6B /* Base */ = {isa = PBXFileReference; lastKnownFileType = file.storyboard; name = Base; path = Base.lproj/Main.storyboard; sourceTree = "<group>"; };
		848D633119F6EADD00AE1C6B /* Images.xcassets */ = {isa = PBXFileReference; lastKnownFileType = folder.assetcatalog; path = Images.xcassets; sourceTree = "<group>"; };
		848D633419F6EADD00AE1C6B /* Base */ = {isa = PBXFileReference; lastKnownFileType = file.xib; name = Base; path = Base.lproj/LaunchScreen.xib; sourceTree = "<group>"; };
		848D633A19F6EADD00AE1C6B /* EventsTests.xctest */ = {isa = PBXFileReference; explicitFileType = wrapper.cfbundle; includeInIndex = 0; path = EventsTests.xctest; sourceTree = BUILT_PRODUCTS_DIR; };
		848D633F19F6EADD00AE1C6B /* Info.plist */ = {isa = PBXFileReference; lastKnownFileType = text.plist.xml; path = Info.plist; sourceTree = "<group>"; };
		848D634019F6EADD00AE1C6B /* EventsTests.m */ = {isa = PBXFileReference; lastKnownFileType = sourcecode.c.objc; path = EventsTests.m; sourceTree = "<group>"; };
		848D634A19F7ED5C00AE1C6B /* Event.h */ = {isa = PBXFileReference; lastKnownFileType = sourcecode.c.h; path = Event.h; sourceTree = "<group>"; };
		848D634B19F7F17E00AE1C6B /* Event.m */ = {isa = PBXFileReference; fileEncoding = 4; lastKnownFileType = sourcecode.c.objc; path = Event.m; sourceTree = "<group>"; };
		848D634D19F7F6D000AE1C6B /* EventManager.h */ = {isa = PBXFileReference; lastKnownFileType = sourcecode.c.h; path = EventManager.h; sourceTree = "<group>"; };
		848D634E19F7F7CF00AE1C6B /* EventManager.m */ = {isa = PBXFileReference; fileEncoding = 4; lastKnownFileType = sourcecode.c.objc; path = EventManager.m; sourceTree = "<group>"; };
		848D635219F8318D00AE1C6B /* CreateEventViewController.h */ = {isa = PBXFileReference; fileEncoding = 4; lastKnownFileType = sourcecode.c.h; path = CreateEventViewController.h; sourceTree = "<group>"; };
		848D635319F8318D00AE1C6B /* CreateEventViewController.m */ = {isa = PBXFileReference; fileEncoding = 4; lastKnownFileType = sourcecode.c.objc; path = CreateEventViewController.m; sourceTree = "<group>"; };
/* End PBXFileReference section */

/* Begin PBXFrameworksBuildPhase section */
		848D631E19F6EADD00AE1C6B /* Frameworks */ = {
			isa = PBXFrameworksBuildPhase;
			buildActionMask = 2147483647;
			files = (
			);
			runOnlyForDeploymentPostprocessing = 0;
		};
		848D633719F6EADD00AE1C6B /* Frameworks */ = {
			isa = PBXFrameworksBuildPhase;
			buildActionMask = 2147483647;
			files = (
			);
			runOnlyForDeploymentPostprocessing = 0;
		};
/* End PBXFrameworksBuildPhase section */

/* Begin PBXGroup section */
		848D631819F6EADD00AE1C6B = {
			isa = PBXGroup;
			children = (
				848D632319F6EADD00AE1C6B /* Events */,
				848D633D19F6EADD00AE1C6B /* EventsTests */,
				848D632219F6EADD00AE1C6B /* Products */,
			);
			sourceTree = "<group>";
		};
		848D632219F6EADD00AE1C6B /* Products */ = {
			isa = PBXGroup;
			children = (
				848D632119F6EADD00AE1C6B /* Events.app */,
				848D633A19F6EADD00AE1C6B /* EventsTests.xctest */,
			);
			name = Products;
			sourceTree = "<group>";
		};
		848D632319F6EADD00AE1C6B /* Events */ = {
			isa = PBXGroup;
			children = (
				848D632819F6EADD00AE1C6B /* AppDelegate.h */,
				848D632919F6EADD00AE1C6B /* AppDelegate.m */,
				848D632B19F6EADD00AE1C6B /* ViewController.h */,
				848D632C19F6EADD00AE1C6B /* ViewController.m */,
				848D632E19F6EADD00AE1C6B /* Main.storyboard */,
				848D633119F6EADD00AE1C6B /* Images.xcassets */,
				848D633319F6EADD00AE1C6B /* LaunchScreen.xib */,
				848D632419F6EADD00AE1C6B /* Supporting Files */,
				848D634A19F7ED5C00AE1C6B /* Event.h */,
				848D634B19F7F17E00AE1C6B /* Event.m */,
				848D634D19F7F6D000AE1C6B /* EventManager.h */,
				848D634E19F7F7CF00AE1C6B /* EventManager.m */,
				848D635219F8318D00AE1C6B /* CreateEventViewController.h */,
				848D635319F8318D00AE1C6B /* CreateEventViewController.m */,
			);
			path = Events;
			sourceTree = "<group>";
		};
		848D632419F6EADD00AE1C6B /* Supporting Files */ = {
			isa = PBXGroup;
			children = (
				848D632519F6EADD00AE1C6B /* Info.plist */,
				848D632619F6EADD00AE1C6B /* main.m */,
			);
			name = "Supporting Files";
			sourceTree = "<group>";
		};
		848D633D19F6EADD00AE1C6B /* EventsTests */ = {
			isa = PBXGroup;
			children = (
				848D634019F6EADD00AE1C6B /* EventsTests.m */,
				848D633E19F6EADD00AE1C6B /* Supporting Files */,
			);
			path = EventsTests;
			sourceTree = "<group>";
		};
		848D633E19F6EADD00AE1C6B /* Supporting Files */ = {
			isa = PBXGroup;
			children = (
				848D633F19F6EADD00AE1C6B /* Info.plist */,
			);
			name = "Supporting Files";
			sourceTree = "<group>";
		};
/* End PBXGroup section */

/* Begin PBXNativeTarget section */
		848D632019F6EADD00AE1C6B /* Events */ = {
			isa = PBXNativeTarget;
			buildConfigurationList = 848D634419F6EADD00AE1C6B /* Build configuration list for PBXNativeTarget "Events" */;
			buildPhases = (
				848D631D19F6EADD00AE1C6B /* Sources */,
				848D631E19F6EADD00AE1C6B /* Frameworks */,
				848D631F19F6EADD00AE1C6B /* Resources */,
			);
			buildRules = (
			);
			dependencies = (
			);
			name = Events;
			productName = Events;
			productReference = 848D632119F6EADD00AE1C6B /* Events.app */;
			productType = "com.apple.product-type.application";
		};
		848D633919F6EADD00AE1C6B /* EventsTests */ = {
			isa = PBXNativeTarget;
			buildConfigurationList = 848D634719F6EADD00AE1C6B /* Build configuration list for PBXNativeTarget "EventsTests" */;
			buildPhases = (
				848D633619F6EADD00AE1C6B /* Sources */,
				848D633719F6EADD00AE1C6B /* Frameworks */,
				848D633819F6EADD00AE1C6B /* Resources */,
			);
			buildRules = (
			);
			dependencies = (
				848D633C19F6EADD00AE1C6B /* PBXTargetDependency */,
			);
			name = EventsTests;
			productName = EventsTests;
			productReference = 848D633A19F6EADD00AE1C6B /* EventsTests.xctest */;
			productType = "com.apple.product-type.bundle.unit-test";
		};
/* End PBXNativeTarget section */

/* Begin PBXProject section */
		848D631919F6EADD00AE1C6B /* Project object */ = {
			isa = PBXProject;
			attributes = {
				LastUpgradeCheck = 0610;
				ORGANIZATIONNAME = Slavi;
				TargetAttributes = {
					848D632019F6EADD00AE1C6B = {
						CreatedOnToolsVersion = 6.1;
					};
					848D633919F6EADD00AE1C6B = {
						CreatedOnToolsVersion = 6.1;
						TestTargetID = 848D632019F6EADD00AE1C6B;
					};
				};
			};
			buildConfigurationList = 848D631C19F6EADD00AE1C6B /* Build configuration list for PBXProject "Events" */;
			compatibilityVersion = "Xcode 3.2";
			developmentRegion = English;
			hasScannedForEncodings = 0;
			knownRegions = (
				en,
				Base,
			);
			mainGroup = 848D631819F6EADD00AE1C6B;
			productRefGroup = 848D632219F6EADD00AE1C6B /* Products */;
			projectDirPath = "";
			projectRoot = "";
			targets = (
				848D632019F6EADD00AE1C6B /* Events */,
				848D633919F6EADD00AE1C6B /* EventsTests */,
			);
		};
/* End PBXProject section */

/* Begin PBXResourcesBuildPhase section */
		848D631F19F6EADD00AE1C6B /* Resources */ = {
			isa = PBXResourcesBuildPhase;
			buildActionMask = 2147483647;
			files = (
				848D633019F6EADD00AE1C6B /* Main.storyboard in Resources */,
				848D633519F6EADD00AE1C6B /* LaunchScreen.xib in Resources */,
				848D633219F6EADD00AE1C6B /* Images.xcassets in Resources */,
			);
			runOnlyForDeploymentPostprocessing = 0;
		};
		848D633819F6EADD00AE1C6B /* Resources */ = {
			isa = PBXResourcesBuildPhase;
			buildActionMask = 2147483647;
			files = (
			);
			runOnlyForDeploymentPostprocessing = 0;
		};
/* End PBXResourcesBuildPhase section */

/* Begin PBXSourcesBuildPhase section */
		848D631D19F6EADD00AE1C6B /* Sources */ = {
			isa = PBXSourcesBuildPhase;
			buildActionMask = 2147483647;
			files = (
				848D634C19F7F17E00AE1C6B /* Event.m in Sources */,
				848D635419F8318D00AE1C6B /* CreateEventViewController.m in Sources */,
				848D632D19F6EADD00AE1C6B /* ViewController.m in Sources */,
				848D632A19F6EADD00AE1C6B /* AppDelegate.m in Sources */,
				848D632719F6EADD00AE1C6B /* main.m in Sources */,
				848D634F19F7F7CF00AE1C6B /* EventManager.m in Sources */,
			);
			runOnlyForDeploymentPostprocessing = 0;
		};
		848D633619F6EADD00AE1C6B /* Sources */ = {
			isa = PBXSourcesBuildPhase;
			buildActionMask = 2147483647;
			files = (
				848D634119F6EADD00AE1C6B /* EventsTests.m in Sources */,
			);
			runOnlyForDeploymentPostprocessing = 0;
		};
/* End PBXSourcesBuildPhase section */

/* Begin PBXTargetDependency section */
		848D633C19F6EADD00AE1C6B /* PBXTargetDependency */ = {
			isa = PBXTargetDependency;
			target = 848D632019F6EADD00AE1C6B /* Events */;
			targetProxy = 848D633B19F6EADD00AE1C6B /* PBXContainerItemProxy */;
		};
/* End PBXTargetDependency section */

/* Begin PBXVariantGroup section */
		848D632E19F6EADD00AE1C6B /* Main.storyboard */ = {
			isa = PBXVariantGroup;
			children = (
				848D632F19F6EADD00AE1C6B /* Base */,
			);
			name = Main.storyboard;
			sourceTree = "<group>";
		};
		848D633319F6EADD00AE1C6B /* LaunchScreen.xib */ = {
			isa = PBXVariantGroup;
			children = (
				848D633419F6EADD00AE1C6B /* Base */,
			);
			name = LaunchScreen.xib;
			sourceTree = "<group>";
		};
/* End PBXVariantGroup section */

/* Begin XCBuildConfiguration section */
		848D634219F6EADD00AE1C6B /* Debug */ = {
			isa = XCBuildConfiguration;
			buildSettings = {
				ALWAYS_SEARCH_USER_PATHS = NO;
				CLANG_CXX_LANGUAGE_STANDARD = "gnu++0x";
				CLANG_CXX_LIBRARY = "libc++";
				CLANG_ENABLE_MODULES = YES;
				CLANG_ENABLE_OBJC_ARC = YES;
				CLANG_WARN_BOOL_CONVERSION = YES;
				CLANG_WARN_CONSTANT_CONVERSION = YES;
				CLANG_WARN_DIRECT_OBJC_ISA_USAGE = YES_ERROR;
				CLANG_WARN_EMPTY_BODY = YES;
				CLANG_WARN_ENUM_CONVERSION = YES;
				CLANG_WARN_INT_CONVERSION = YES;
				CLANG_WARN_OBJC_ROOT_CLASS = YES_ERROR;
				CLANG_WARN_UNREACHABLE_CODE = YES;
				CLANG_WARN__DUPLICATE_METHOD_MATCH = YES;
				"CODE_SIGN_IDENTITY[sdk=iphoneos*]" = "iPhone Developer";
				COPY_PHASE_STRIP = NO;
				ENABLE_STRICT_OBJC_MSGSEND = YES;
				GCC_C_LANGUAGE_STANDARD = gnu99;
				GCC_DYNAMIC_NO_PIC = NO;
				GCC_OPTIMIZATION_LEVEL = 0;
				GCC_PREPROCESSOR_DEFINITIONS = (
					"DEBUG=1",
					"$(inherited)",
				);
				GCC_SYMBOLS_PRIVATE_EXTERN = NO;
				GCC_WARN_64_TO_32_BIT_CONVERSION = YES;
				GCC_WARN_ABOUT_RETURN_TYPE = YES_ERROR;
				GCC_WARN_UNDECLARED_SELECTOR = YES;
				GCC_WARN_UNINITIALIZED_AUTOS = YES_AGGRESSIVE;
				GCC_WARN_UNUSED_FUNCTION = YES;
				GCC_WARN_UNUSED_VARIABLE = YES;
				IPHONEOS_DEPLOYMENT_TARGET = 8.1;
				MTL_ENABLE_DEBUG_INFO = YES;
				ONLY_ACTIVE_ARCH = YES;
				SDKROOT = iphoneos;
				TARGETED_DEVICE_FAMILY = "1,2";
			};
			name = Debug;
		};
		848D634319F6EADD00AE1C6B /* Release */ = {
			isa = XCBuildConfiguration;
			buildSettings = {
				ALWAYS_SEARCH_USER_PATHS = NO;
				CLANG_CXX_LANGUAGE_STANDARD = "gnu++0x";
				CLANG_CXX_LIBRARY = "libc++";
				CLANG_ENABLE_MODULES = YES;
				CLANG_ENABLE_OBJC_ARC = YES;
				CLANG_WARN_BOOL_CONVERSION = YES;
				CLANG_WARN_CONSTANT_CONVERSION = YES;
				CLANG_WARN_DIRECT_OBJC_ISA_USAGE = YES_ERROR;
				CLANG_WARN_EMPTY_BODY = YES;
				CLANG_WARN_ENUM_CONVERSION = YES;
				CLANG_WARN_INT_CONVERSION = YES;
				CLANG_WARN_OBJC_ROOT_CLASS = YES_ERROR;
				CLANG_WARN_UNREACHABLE_CODE = YES;
				CLANG_WARN__DUPLICATE_METHOD_MATCH = YES;
				"CODE_SIGN_IDENTITY[sdk=iphoneos*]" = "iPhone Developer";
				COPY_PHASE_STRIP = YES;
				ENABLE_NS_ASSERTIONS = NO;
				ENABLE_STRICT_OBJC_MSGSEND = YES;
				GCC_C_LANGUAGE_STANDARD = gnu99;
				GCC_WARN_64_TO_32_BIT_CONVERSION = YES;
				GCC_WARN_ABOUT_RETURN_TYPE = YES_ERROR;
				GCC_WARN_UNDECLARED_SELECTOR = YES;
				GCC_WARN_UNINITIALIZED_AUTOS = YES_AGGRESSIVE;
				GCC_WARN_UNUSED_FUNCTION = YES;
				GCC_WARN_UNUSED_VARIABLE = YES;
				IPHONEOS_DEPLOYMENT_TARGET = 8.1;
				MTL_ENABLE_DEBUG_INFO = NO;
				SDKROOT = iphoneos;
				TARGETED_DEVICE_FAMILY = "1,2";
				VALIDATE_PRODUCT = YES;
			};
			name = Release;
		};
		848D634519F6EADD00AE1C6B /* Debug */ = {
			isa = XCBuildConfiguration;
			buildSettings = {
				ASSETCATALOG_COMPILER_APPICON_NAME = AppIcon;
				INFOPLIST_FILE = Events/Info.plist;
				LD_RUNPATH_SEARCH_PATHS = "$(inherited) @executable_path/Frameworks";
				PRODUCT_NAME = "$(TARGET_NAME)";
				TARGETED_DEVICE_FAMILY = 1;
			};
			name = Debug;
		};
		848D634619F6EADD00AE1C6B /* Release */ = {
			isa = XCBuildConfiguration;
			buildSettings = {
				ASSETCATALOG_COMPILER_APPICON_NAME = AppIcon;
				INFOPLIST_FILE = Events/Info.plist;
				LD_RUNPATH_SEARCH_PATHS = "$(inherited) @executable_path/Frameworks";
				PRODUCT_NAME = "$(TARGET_NAME)";
				TARGETED_DEVICE_FAMILY = 1;
			};
			name = Release;
		};
		848D634819F6EADD00AE1C6B /* Debug */ = {
			isa = XCBuildConfiguration;
			buildSettings = {
				BUNDLE_LOADER = "$(TEST_HOST)";
				FRAMEWORK_SEARCH_PATHS = (
					"$(SDKROOT)/Developer/Library/Frameworks",
					"$(inherited)",
				);
				GCC_PREPROCESSOR_DEFINITIONS = (
					"DEBUG=1",
					"$(inherited)",
				);
				INFOPLIST_FILE = EventsTests/Info.plist;
				LD_RUNPATH_SEARCH_PATHS = "$(inherited) @executable_path/Frameworks @loader_path/Frameworks";
				PRODUCT_NAME = "$(TARGET_NAME)";
				TEST_HOST = "$(BUILT_PRODUCTS_DIR)/Events.app/Events";
			};
			name = Debug;
		};
		848D634919F6EADD00AE1C6B /* Release */ = {
			isa = XCBuildConfiguration;
			buildSettings = {
				BUNDLE_LOADER = "$(TEST_HOST)";
				FRAMEWORK_SEARCH_PATHS = (
					"$(SDKROOT)/Developer/Library/Frameworks",
					"$(inherited)",
				);
				INFOPLIST_FILE = EventsTests/Info.plist;
				LD_RUNPATH_SEARCH_PATHS = "$(inherited) @executable_path/Frameworks @loader_path/Frameworks";
				PRODUCT_NAME = "$(TARGET_NAME)";
				TEST_HOST = "$(BUILT_PRODUCTS_DIR)/Events.app/Events";
			};
			name = Release;
		};
/* End XCBuildConfiguration section */

/* Begin XCConfigurationList section */
		848D631C19F6EADD00AE1C6B /* Build configuration list for PBXProject "Events" */ = {
			isa = XCConfigurationList;
			buildConfigurations = (
				848D634219F6EADD00AE1C6B /* Debug */,
				848D634319F6EADD00AE1C6B /* Release */,
			);
			defaultConfigurationIsVisible = 0;
			defaultConfigurationName = Release;
		};
		848D634419F6EADD00AE1C6B /* Build configuration list for PBXNativeTarget "Events" */ = {
			isa = XCConfigurationList;
			buildConfigurations = (
				848D634519F6EADD00AE1C6B /* Debug */,
				848D634619F6EADD00AE1C6B /* Release */,
			);
			defaultConfigurationIsVisible = 0;
		};
		848D634719F6EADD00AE1C6B /* Build configuration list for PBXNativeTarget "EventsTests" */ = {
			isa = XCConfigurationList;
			buildConfigurations = (
				848D634819F6EADD00AE1C6B /* Debug */,
				848D634919F6EADD00AE1C6B /* Release */,
			);
			defaultConfigurationIsVisible = 0;
		};
/* End XCConfigurationList section */
	};
	rootObject = 848D631919F6EADD00AE1C6B /* Project object */;
}
